
Microsoft Visual Studio Solution File, Format Version 12.00
# Visual Studio Version 16
VisualStudioVersion = 16.0.30523.141
MinimumVisualStudioVersion = 10.0.40219.1
Project("{FAE04EC0-301F-11D3-BF4B-00C04F79EFBC}") = "HorseRidingAPI", "HorseRidingAPI.csproj", "{4C3B614F-4702-4D5F-A39B-17B2227A717E}"
EndProject
Global
	GlobalSection(SolutionConfigurationPlatforms) = preSolution
		Debug|Any CPU = Debug|Any CPU
		Release|Any CPU = Release|Any CPU
	EndGlobalSection
	GlobalSection(ProjectConfigurationPlatforms) = postSolution
		{4C3B614F-4702-4D5F-A39B-17B2227A717E}.Debug|Any CPU.ActiveCfg = Debug|Any CPU
		{4C3B614F-4702-4D5F-A39B-17B2227A717E}.Debug|Any CPU.Build.0 = Debug|Any CPU
		{4C3B614F-4702-4D5F-A39B-17B2227A717E}.Release|Any CPU.ActiveCfg = Release|Any CPU
		{4C3B614F-4702-4D5F-A39B-17B2227A717E}.Release|Any CPU.Build.0 = Release|Any CPU
	EndGlobalSection
	GlobalSection(SolutionProperties) = preSolution
		HideSolutionNode = FALSE
	EndGlobalSection
	GlobalSection(ExtensibilityGlobals) = postSolution
		SolutionGuid = {7126A560-95A0-41C3-98AD-08CA55F58738}
	EndGlobalSection
EndGlobal
